{
  "name": "blane-fink-bc.github.io",
  "lockfileVersion": 2,
  "requires": true,
  "packages": {
    "": {
      "dependencies": {
        "underbar": "^0.1.0"
      }
    },
    "node_modules/global": {
      "version": "0.1.5",
      "resolved": "https://registry.npmjs.org/global/-/global-0.1.5.tgz",
      "integrity": "sha1-KPKnRw+OE2caex2nsxmeMkWbUD4="
    },
    "node_modules/individual": {
      "version": "0.1.1",
      "resolved": "https://registry.npmjs.org/individual/-/individual-0.1.1.tgz",
      "integrity": "sha1-f0cYR3nnShrGM5ctaEKB6lKfeFQ=",
      "dependencies": {
        "global": "~0.1.5"
      }
    },
    "node_modules/underbar": {
      "version": "0.1.0",
      "resolved": "https://registry.npmjs.org/underbar/-/underbar-0.1.0.tgz",
      "integrity": "sha1-jlxxq9rwEXxNWnLYM6aQvdROAoM=",
      "dependencies": {
        "individual": "~0.1.1"
      }
    }
  },
  "dependencies": {
    "global": {
      "version": "0.1.5",
      "resolved": "https://registry.npmjs.org/global/-/global-0.1.5.tgz",
      "integrity": "sha1-KPKnRw+OE2caex2nsxmeMkWbUD4="
    },
    "individual": {
      "version": "0.1.1",
      "resolved": "https://registry.npmjs.org/individual/-/individual-0.1.1.tgz",
      "integrity": "sha1-f0cYR3nnShrGM5ctaEKB6lKfeFQ=",
      "requires": {
        "global": "~0.1.5"
      }
    },
    "underbar": {
      "version": "0.1.0",
      "resolved": "https://registry.npmjs.org/underbar/-/underbar-0.1.0.tgz",
      "integrity": "sha1-jlxxq9rwEXxNWnLYM6aQvdROAoM=",
      "requires": {
        "individual": "~0.1.1"
      }
    }
  }
}
